
Microsoft Visual Studio Solution File, Format Version 12.00
# Visual Studio Version 16
VisualStudioVersion = 16.0.32428.217
MinimumVisualStudioVersion = 10.0.40219.1
Project("{2150E333-8FDC-42A3-9474-1A3956D46DE8}") = "src", "src", "{1732F1DC-01A4-412B-BEE8-971E4DD91415}"
EndProject
Project("{2150E333-8FDC-42A3-9474-1A3956D46DE8}") = "API", "API", "{AA88116D-B5DD-44A8-AE75-D40FFF53691B}"
EndProject
Project("{2150E333-8FDC-42A3-9474-1A3956D46DE8}") = "test", "test", "{7C0DA0E7-BA77-442F-AB14-D9A5ED2B7B7C}"
EndProject
Project("{2150E333-8FDC-42A3-9474-1A3956D46DE8}") = "Core", "Core", "{E83BC000-EFB1-4BA1-99F3-B37638900B9F}"
EndProject
Project("{2150E333-8FDC-42A3-9474-1A3956D46DE8}") = "Infrastructure", "Infrastructure", "{CA345BA3-2F2B-4B5F-8515-61752628BD35}"
EndProject
Project("{2150E333-8FDC-42A3-9474-1A3956D46DE8}") = "UI", "UI", "{CBCF353B-48D1-4D54-97CE-17D7BBACA0B8}"
EndProject
Project("{FAE04EC0-301F-11D3-BF4B-00C04F79EFBC}") = "GloboTicket.TicketManagement.Domain", "src\Core\GloboTicket.TicketManagement.Domain\GloboTicket.TicketManagement.Domain.csproj", "{87723950-ADCA-475E-9EE7-C7371A2C2C0E}"
EndProject
Project("{FAE04EC0-301F-11D3-BF4B-00C04F79EFBC}") = "GloboTicket.TicketManagement.Application", "src\Core\GloboTicket.TicketManagement.Application\GloboTicket.TicketManagement.Application.csproj", "{004CD8FF-F1AA-49F4-A527-16EB6F106BDF}"
EndProject
Project("{FAE04EC0-301F-11D3-BF4B-00C04F79EFBC}") = "GloboTicket.TicketManagement.Persistence", "src\Infrastructure\GloboTicket.TicketManagement.Persistence\GloboTicket.TicketManagement.Persistence.csproj", "{23DC3CAE-1402-48ED-AF9B-C84DA69BDC6F}"
EndProject
Global
	GlobalSection(SolutionConfigurationPlatforms) = preSolution
		Debug|Any CPU = Debug|Any CPU
		Release|Any CPU = Release|Any CPU
	EndGlobalSection
	GlobalSection(ProjectConfigurationPlatforms) = postSolution
		{87723950-ADCA-475E-9EE7-C7371A2C2C0E}.Debug|Any CPU.ActiveCfg = Debug|Any CPU
		{87723950-ADCA-475E-9EE7-C7371A2C2C0E}.Debug|Any CPU.Build.0 = Debug|Any CPU
		{87723950-ADCA-475E-9EE7-C7371A2C2C0E}.Release|Any CPU.ActiveCfg = Release|Any CPU
		{87723950-ADCA-475E-9EE7-C7371A2C2C0E}.Release|Any CPU.Build.0 = Release|Any CPU
		{004CD8FF-F1AA-49F4-A527-16EB6F106BDF}.Debug|Any CPU.ActiveCfg = Debug|Any CPU
		{004CD8FF-F1AA-49F4-A527-16EB6F106BDF}.Debug|Any CPU.Build.0 = Debug|Any CPU
		{004CD8FF-F1AA-49F4-A527-16EB6F106BDF}.Release|Any CPU.ActiveCfg = Release|Any CPU
		{004CD8FF-F1AA-49F4-A527-16EB6F106BDF}.Release|Any CPU.Build.0 = Release|Any CPU
		{23DC3CAE-1402-48ED-AF9B-C84DA69BDC6F}.Debug|Any CPU.ActiveCfg = Debug|Any CPU
		{23DC3CAE-1402-48ED-AF9B-C84DA69BDC6F}.Debug|Any CPU.Build.0 = Debug|Any CPU
		{23DC3CAE-1402-48ED-AF9B-C84DA69BDC6F}.Release|Any CPU.ActiveCfg = Release|Any CPU
		{23DC3CAE-1402-48ED-AF9B-C84DA69BDC6F}.Release|Any CPU.Build.0 = Release|Any CPU
	EndGlobalSection
	GlobalSection(SolutionProperties) = preSolution
		HideSolutionNode = FALSE
	EndGlobalSection
	GlobalSection(NestedProjects) = preSolution
		{AA88116D-B5DD-44A8-AE75-D40FFF53691B} = {1732F1DC-01A4-412B-BEE8-971E4DD91415}
		{E83BC000-EFB1-4BA1-99F3-B37638900B9F} = {1732F1DC-01A4-412B-BEE8-971E4DD91415}
		{CA345BA3-2F2B-4B5F-8515-61752628BD35} = {1732F1DC-01A4-412B-BEE8-971E4DD91415}
		{CBCF353B-48D1-4D54-97CE-17D7BBACA0B8} = {1732F1DC-01A4-412B-BEE8-971E4DD91415}
		{87723950-ADCA-475E-9EE7-C7371A2C2C0E} = {E83BC000-EFB1-4BA1-99F3-B37638900B9F}
		{004CD8FF-F1AA-49F4-A527-16EB6F106BDF} = {E83BC000-EFB1-4BA1-99F3-B37638900B9F}
		{23DC3CAE-1402-48ED-AF9B-C84DA69BDC6F} = {CA345BA3-2F2B-4B5F-8515-61752628BD35}
	EndGlobalSection
	GlobalSection(ExtensibilityGlobals) = postSolution
		SolutionGuid = {E55E8B0E-47BF-454D-8AB8-97D4E9142422}
	EndGlobalSection
EndGlobal
